
Microsoft Visual Studio Solution File, Format Version 12.00
# Visual Studio Version 16
VisualStudioVersion = 16.0.30804.86
MinimumVisualStudioVersion = 10.0.40219.1
Project("{FAE04EC0-301F-11D3-BF4B-00C04F79EFBC}") = "RazorPages-CRUD-NO-EntityFramework", "RazorPages-CRUD-NO-EntityFramework\RazorPages-CRUD-NO-EntityFramework.csproj", "{C6CA8D31-283C-44BB-9D75-BD6C20EC30CF}"
EndProject
Global
	GlobalSection(SolutionConfigurationPlatforms) = preSolution
		Debug|Any CPU = Debug|Any CPU
		Release|Any CPU = Release|Any CPU
	EndGlobalSection
	GlobalSection(ProjectConfigurationPlatforms) = postSolution
		{C6CA8D31-283C-44BB-9D75-BD6C20EC30CF}.Debug|Any CPU.ActiveCfg = Debug|Any CPU
		{C6CA8D31-283C-44BB-9D75-BD6C20EC30CF}.Debug|Any CPU.Build.0 = Debug|Any CPU
		{C6CA8D31-283C-44BB-9D75-BD6C20EC30CF}.Release|Any CPU.ActiveCfg = Release|Any CPU
		{C6CA8D31-283C-44BB-9D75-BD6C20EC30CF}.Release|Any CPU.Build.0 = Release|Any CPU
	EndGlobalSection
	GlobalSection(SolutionProperties) = preSolution
		HideSolutionNode = FALSE
	EndGlobalSection
	GlobalSection(ExtensibilityGlobals) = postSolution
		SolutionGuid = {6FB1127C-06FC-44F6-A6AD-870E3D8BAD40}
	EndGlobalSection
EndGlobal
